
Microsoft Visual Studio Solution File, Format Version 12.00
# Visual Studio 15
VisualStudioVersion = 15.0.27130.2024
MinimumVisualStudioVersion = 10.0.40219.1
Project("{FAE04EC0-301F-11D3-BF4B-00C04F79EFBC}") = "BerlinClock.Origin", "BerlinClock.Origin\BerlinClock.Origin.csproj", "{0451204D-BF86-43E1-B560-FC9AC830B9A9}"
EndProject
Project("{FAE04EC0-301F-11D3-BF4B-00C04F79EFBC}") = "BerlinClock.App", "BerlinClock.App\BerlinClock.App.csproj", "{8484C5AC-8484-4A18-A6BC-ADB41EBF2558}"
EndProject
Project("{FAE04EC0-301F-11D3-BF4B-00C04F79EFBC}") = "BerlinClock.Api", "BerlinClock.Api\BerlinClock.Api.csproj", "{300EE3DC-2563-44C8-B674-B4EB162EBC99}"
EndProject
Project("{FAE04EC0-301F-11D3-BF4B-00C04F79EFBC}") = "BerlinClock.Test", "BerlinClock.Test\BerlinClock.Test.csproj", "{BB010298-22B4-409F-800A-12E80405C722}"
EndProject
Project("{FAE04EC0-301F-11D3-BF4B-00C04F79EFBC}") = "BerlinClock.Model", "BerlinClock.Model\BerlinClock.Model.csproj", "{DB09D515-F40F-4CB9-87C9-DE4CA573E24A}"
EndProject
Global
	GlobalSection(SolutionConfigurationPlatforms) = preSolution
		Debug|Any CPU = Debug|Any CPU
		Release|Any CPU = Release|Any CPU
	EndGlobalSection
	GlobalSection(ProjectConfigurationPlatforms) = postSolution
		{0451204D-BF86-43E1-B560-FC9AC830B9A9}.Debug|Any CPU.ActiveCfg = Debug|Any CPU
		{0451204D-BF86-43E1-B560-FC9AC830B9A9}.Debug|Any CPU.Build.0 = Debug|Any CPU
		{0451204D-BF86-43E1-B560-FC9AC830B9A9}.Release|Any CPU.ActiveCfg = Release|Any CPU
		{0451204D-BF86-43E1-B560-FC9AC830B9A9}.Release|Any CPU.Build.0 = Release|Any CPU
		{8484C5AC-8484-4A18-A6BC-ADB41EBF2558}.Debug|Any CPU.ActiveCfg = Debug|Any CPU
		{8484C5AC-8484-4A18-A6BC-ADB41EBF2558}.Debug|Any CPU.Build.0 = Debug|Any CPU
		{8484C5AC-8484-4A18-A6BC-ADB41EBF2558}.Release|Any CPU.ActiveCfg = Release|Any CPU
		{8484C5AC-8484-4A18-A6BC-ADB41EBF2558}.Release|Any CPU.Build.0 = Release|Any CPU
		{300EE3DC-2563-44C8-B674-B4EB162EBC99}.Debug|Any CPU.ActiveCfg = Debug|Any CPU
		{300EE3DC-2563-44C8-B674-B4EB162EBC99}.Debug|Any CPU.Build.0 = Debug|Any CPU
		{300EE3DC-2563-44C8-B674-B4EB162EBC99}.Release|Any CPU.ActiveCfg = Release|Any CPU
		{300EE3DC-2563-44C8-B674-B4EB162EBC99}.Release|Any CPU.Build.0 = Release|Any CPU
		{BB010298-22B4-409F-800A-12E80405C722}.Debug|Any CPU.ActiveCfg = Debug|Any CPU
		{BB010298-22B4-409F-800A-12E80405C722}.Debug|Any CPU.Build.0 = Debug|Any CPU
		{BB010298-22B4-409F-800A-12E80405C722}.Release|Any CPU.ActiveCfg = Release|Any CPU
		{BB010298-22B4-409F-800A-12E80405C722}.Release|Any CPU.Build.0 = Release|Any CPU
		{DB09D515-F40F-4CB9-87C9-DE4CA573E24A}.Debug|Any CPU.ActiveCfg = Debug|Any CPU
		{DB09D515-F40F-4CB9-87C9-DE4CA573E24A}.Debug|Any CPU.Build.0 = Debug|Any CPU
		{DB09D515-F40F-4CB9-87C9-DE4CA573E24A}.Release|Any CPU.ActiveCfg = Release|Any CPU
		{DB09D515-F40F-4CB9-87C9-DE4CA573E24A}.Release|Any CPU.Build.0 = Release|Any CPU
	EndGlobalSection
	GlobalSection(SolutionProperties) = preSolution
		HideSolutionNode = FALSE
	EndGlobalSection
	GlobalSection(ExtensibilityGlobals) = postSolution
		SolutionGuid = {9F451534-0C01-4631-AF7A-3ABCE2766623}
	EndGlobalSection
EndGlobal
